
Microsoft Visual Studio Solution File, Format Version 12.00
# Visual Studio Version 17
VisualStudioVersion = 17.13.35828.75 d17.13
MinimumVisualStudioVersion = 10.0.40219.1
Project("{FAE04EC0-301F-11D3-BF4B-00C04F79EFBC}") = "NewsAggregatorApi", "NewsAggregatorApi.csproj", "{ECBF6EE5-01B7-42C9-8A4A-CA887E555A14}"
EndProject
Global
	GlobalSection(SolutionConfigurationPlatforms) = preSolution
		Debug|Any CPU = Debug|Any CPU
		Release|Any CPU = Release|Any CPU
	EndGlobalSection
	GlobalSection(ProjectConfigurationPlatforms) = postSolution
		{ECBF6EE5-01B7-42C9-8A4A-CA887E555A14}.Debug|Any CPU.ActiveCfg = Debug|Any CPU
		{ECBF6EE5-01B7-42C9-8A4A-CA887E555A14}.Debug|Any CPU.Build.0 = Debug|Any CPU
		{ECBF6EE5-01B7-42C9-8A4A-CA887E555A14}.Release|Any CPU.ActiveCfg = Release|Any CPU
		{ECBF6EE5-01B7-42C9-8A4A-CA887E555A14}.Release|Any CPU.Build.0 = Release|Any CPU
	EndGlobalSection
	GlobalSection(SolutionProperties) = preSolution
		HideSolutionNode = FALSE
	EndGlobalSection
	GlobalSection(ExtensibilityGlobals) = postSolution
		SolutionGuid = {8B44D7FF-1C97-4D5E-BEC1-6159DFCD5A26}
	EndGlobalSection
EndGlobal
